
Microsoft Visual Studio Solution File, Format Version 12.00
# Visual Studio Version 17
VisualStudioVersion = 17.13.35818.85
MinimumVisualStudioVersion = 10.0.40219.1
Project("{FAE04EC0-301F-11D3-BF4B-00C04F79EFBC}") = "MyDairyApp", "MyDairyApp\MyDairyApp.csproj", "{FDA71DF2-2ED1-4DC7-B7F3-9FC878FD006B}"
EndProject
Global
	GlobalSection(SolutionConfigurationPlatforms) = preSolution
		Debug|Any CPU = Debug|Any CPU
		Release|Any CPU = Release|Any CPU
	EndGlobalSection
	GlobalSection(ProjectConfigurationPlatforms) = postSolution
		{FDA71DF2-2ED1-4DC7-B7F3-9FC878FD006B}.Debug|Any CPU.ActiveCfg = Debug|Any CPU
		{FDA71DF2-2ED1-4DC7-B7F3-9FC878FD006B}.Debug|Any CPU.Build.0 = Debug|Any CPU
		{FDA71DF2-2ED1-4DC7-B7F3-9FC878FD006B}.Release|Any CPU.ActiveCfg = Release|Any CPU
		{FDA71DF2-2ED1-4DC7-B7F3-9FC878FD006B}.Release|Any CPU.Build.0 = Release|Any CPU
	EndGlobalSection
	GlobalSection(SolutionProperties) = preSolution
		HideSolutionNode = FALSE
	EndGlobalSection
	GlobalSection(ExtensibilityGlobals) = postSolution
		SolutionGuid = {A3406EF2-4602-4509-B91F-F99112420FE2}
	EndGlobalSection
EndGlobal
